
Microsoft Visual Studio Solution File, Format Version 12.00
# Visual Studio 15
VisualStudioVersion = 15.0.28306.52
MinimumVisualStudioVersion = 10.0.40219.1
Project("{FAE04EC0-301F-11D3-BF4B-00C04F79EFBC}") = "TesteDrive.Android", "TesteDrive\TesteDrive.Android\TesteDrive.Android.csproj", "{FA86FFD8-267A-495D-AB8F-A5A76DAB0300}"
EndProject
Project("{FAE04EC0-301F-11D3-BF4B-00C04F79EFBC}") = "TesteDrive.iOS", "TesteDrive\TesteDrive.iOS\TesteDrive.iOS.csproj", "{9EA918AE-1177-42E6-921A-6C072B0413E8}"
EndProject
Project("{FAE04EC0-301F-11D3-BF4B-00C04F79EFBC}") = "TesteDrive", "TesteDrive\TesteDrive\TesteDrive.csproj", "{4F2C68B9-B0A8-4018-B3D2-4AC4E0C7AAD6}"
EndProject
Global
	GlobalSection(SolutionConfigurationPlatforms) = preSolution
		Ad-Hoc|Any CPU = Ad-Hoc|Any CPU
		Ad-Hoc|iPhone = Ad-Hoc|iPhone
		Ad-Hoc|iPhoneSimulator = Ad-Hoc|iPhoneSimulator
		AppStore|Any CPU = AppStore|Any CPU
		AppStore|iPhone = AppStore|iPhone
		AppStore|iPhoneSimulator = AppStore|iPhoneSimulator
		Debug|Any CPU = Debug|Any CPU
		Debug|iPhone = Debug|iPhone
		Debug|iPhoneSimulator = Debug|iPhoneSimulator
		Release|Any CPU = Release|Any CPU
		Release|iPhone = Release|iPhone
		Release|iPhoneSimulator = Release|iPhoneSimulator
	EndGlobalSection
	GlobalSection(ProjectConfigurationPlatforms) = postSolution
		{FA86FFD8-267A-495D-AB8F-A5A76DAB0300}.Ad-Hoc|Any CPU.ActiveCfg = Release|Any CPU
		{FA86FFD8-267A-495D-AB8F-A5A76DAB0300}.Ad-Hoc|Any CPU.Build.0 = Release|Any CPU
		{FA86FFD8-267A-495D-AB8F-A5A76DAB0300}.Ad-Hoc|Any CPU.Deploy.0 = Release|Any CPU
		{FA86FFD8-267A-495D-AB8F-A5A76DAB0300}.Ad-Hoc|iPhone.ActiveCfg = Release|Any CPU
		{FA86FFD8-267A-495D-AB8F-A5A76DAB0300}.Ad-Hoc|iPhone.Build.0 = Release|Any CPU
		{FA86FFD8-267A-495D-AB8F-A5A76DAB0300}.Ad-Hoc|iPhone.Deploy.0 = Release|Any CPU
		{FA86FFD8-267A-495D-AB8F-A5A76DAB0300}.Ad-Hoc|iPhoneSimulator.ActiveCfg = Release|Any CPU
		{FA86FFD8-267A-495D-AB8F-A5A76DAB0300}.Ad-Hoc|iPhoneSimulator.Build.0 = Release|Any CPU
		{FA86FFD8-267A-495D-AB8F-A5A76DAB0300}.Ad-Hoc|iPhoneSimulator.Deploy.0 = Release|Any CPU
		{FA86FFD8-267A-495D-AB8F-A5A76DAB0300}.AppStore|Any CPU.ActiveCfg = Release|Any CPU
		{FA86FFD8-267A-495D-AB8F-A5A76DAB0300}.AppStore|Any CPU.Build.0 = Release|Any CPU
		{FA86FFD8-267A-495D-AB8F-A5A76DAB0300}.AppStore|Any CPU.Deploy.0 = Release|Any CPU
		{FA86FFD8-267A-495D-AB8F-A5A76DAB0300}.AppStore|iPhone.ActiveCfg = Release|Any CPU
		{FA86FFD8-267A-495D-AB8F-A5A76DAB0300}.AppStore|iPhone.Build.0 = Release|Any CPU
		{FA86FFD8-267A-495D-AB8F-A5A76DAB0300}.AppStore|iPhone.Deploy.0 = Release|Any CPU
		{FA86FFD8-267A-495D-AB8F-A5A76DAB0300}.AppStore|iPhoneSimulator.ActiveCfg = Release|Any CPU
		{FA86FFD8-267A-495D-AB8F-A5A76DAB0300}.AppStore|iPhoneSimulator.Build.0 = Release|Any CPU
		{FA86FFD8-267A-495D-AB8F-A5A76DAB0300}.AppStore|iPhoneSimulator.Deploy.0 = Release|Any CPU
		{FA86FFD8-267A-495D-AB8F-A5A76DAB0300}.Debug|Any CPU.ActiveCfg = Debug|Any CPU
		{FA86FFD8-267A-495D-AB8F-A5A76DAB0300}.Debug|Any CPU.Build.0 = Debug|Any CPU
		{FA86FFD8-267A-495D-AB8F-A5A76DAB0300}.Debug|Any CPU.Deploy.0 = Debug|Any CPU
		{FA86FFD8-267A-495D-AB8F-A5A76DAB0300}.Debug|iPhone.ActiveCfg = Debug|Any CPU
		{FA86FFD8-267A-495D-AB8F-A5A76DAB0300}.Debug|iPhone.Build.0 = Debug|Any CPU
		{FA86FFD8-267A-495D-AB8F-A5A76DAB0300}.Debug|iPhone.Deploy.0 = Debug|Any CPU
		{FA86FFD8-267A-495D-AB8F-A5A76DAB0300}.Debug|iPhoneSimulator.ActiveCfg = Debug|Any CPU
		{FA86FFD8-267A-495D-AB8F-A5A76DAB0300}.Debug|iPhoneSimulator.Build.0 = Debug|Any CPU
		{FA86FFD8-267A-495D-AB8F-A5A76DAB0300}.Debug|iPhoneSimulator.Deploy.0 = Debug|Any CPU
		{FA86FFD8-267A-495D-AB8F-A5A76DAB0300}.Release|Any CPU.ActiveCfg = Release|Any CPU
		{FA86FFD8-267A-495D-AB8F-A5A76DAB0300}.Release|Any CPU.Build.0 = Release|Any CPU
		{FA86FFD8-267A-495D-AB8F-A5A76DAB0300}.Release|Any CPU.Deploy.0 = Release|Any CPU
		{FA86FFD8-267A-495D-AB8F-A5A76DAB0300}.Release|iPhone.ActiveCfg = Release|Any CPU
		{FA86FFD8-267A-495D-AB8F-A5A76DAB0300}.Release|iPhone.Build.0 = Release|Any CPU
		{FA86FFD8-267A-495D-AB8F-A5A76DAB0300}.Release|iPhone.Deploy.0 = Release|Any CPU
		{FA86FFD8-267A-495D-AB8F-A5A76DAB0300}.Release|iPhoneSimulator.ActiveCfg = Release|Any CPU
		{FA86FFD8-267A-495D-AB8F-A5A76DAB0300}.Release|iPhoneSimulator.Build.0 = Release|Any CPU
		{FA86FFD8-267A-495D-AB8F-A5A76DAB0300}.Release|iPhoneSimulator.Deploy.0 = Release|Any CPU
		{9EA918AE-1177-42E6-921A-6C072B0413E8}.Ad-Hoc|Any CPU.ActiveCfg = Ad-Hoc|iPhone
		{9EA918AE-1177-42E6-921A-6C072B0413E8}.Ad-Hoc|Any CPU.Build.0 = Ad-Hoc|iPhone
		{9EA918AE-1177-42E6-921A-6C072B0413E8}.Ad-Hoc|Any CPU.Deploy.0 = Ad-Hoc|iPhone
		{9EA918AE-1177-42E6-921A-6C072B0413E8}.Ad-Hoc|iPhone.ActiveCfg = Ad-Hoc|iPhone
		{9EA918AE-1177-42E6-921A-6C072B0413E8}.Ad-Hoc|iPhone.Build.0 = Ad-Hoc|iPhone
		{9EA918AE-1177-42E6-921A-6C072B0413E8}.Ad-Hoc|iPhone.Deploy.0 = Ad-Hoc|iPhone
		{9EA918AE-1177-42E6-921A-6C072B0413E8}.Ad-Hoc|iPhoneSimulator.ActiveCfg = Ad-Hoc|iPhoneSimulator
		{9EA918AE-1177-42E6-921A-6C072B0413E8}.Ad-Hoc|iPhoneSimulator.Build.0 = Ad-Hoc|iPhoneSimulator
		{9EA918AE-1177-42E6-921A-6C072B0413E8}.Ad-Hoc|iPhoneSimulator.Deploy.0 = Ad-Hoc|iPhoneSimulator
		{9EA918AE-1177-42E6-921A-6C072B0413E8}.AppStore|Any CPU.ActiveCfg = AppStore|iPhone
		{9EA918AE-1177-42E6-921A-6C072B0413E8}.AppStore|Any CPU.Build.0 = AppStore|iPhone
		{9EA918AE-1177-42E6-921A-6C072B0413E8}.AppStore|Any CPU.Deploy.0 = AppStore|iPhone
		{9EA918AE-1177-42E6-921A-6C072B0413E8}.AppStore|iPhone.ActiveCfg = AppStore|iPhone
		{9EA918AE-1177-42E6-921A-6C072B0413E8}.AppStore|iPhone.Build.0 = AppStore|iPhone
		{9EA918AE-1177-42E6-921A-6C072B0413E8}.AppStore|iPhone.Deploy.0 = AppStore|iPhone
		{9EA918AE-1177-42E6-921A-6C072B0413E8}.AppStore|iPhoneSimulator.ActiveCfg = AppStore|iPhoneSimulator
		{9EA918AE-1177-42E6-921A-6C072B0413E8}.AppStore|iPhoneSimulator.Build.0 = AppStore|iPhoneSimulator
		{9EA918AE-1177-42E6-921A-6C072B0413E8}.AppStore|iPhoneSimulator.Deploy.0 = AppStore|iPhoneSimulator
		{9EA918AE-1177-42E6-921A-6C072B0413E8}.Debug|Any CPU.ActiveCfg = Debug|iPhoneSimulator
		{9EA918AE-1177-42E6-921A-6C072B0413E8}.Debug|Any CPU.Deploy.0 = Debug|iPhoneSimulator
		{9EA918AE-1177-42E6-921A-6C072B0413E8}.Debug|iPhone.ActiveCfg = Debug|iPhone
		{9EA918AE-1177-42E6-921A-6C072B0413E8}.Debug|iPhone.Build.0 = Debug|iPhone
		{9EA918AE-1177-42E6-921A-6C072B0413E8}.Debug|iPhone.Deploy.0 = Debug|iPhone
		{9EA918AE-1177-42E6-921A-6C072B0413E8}.Debug|iPhoneSimulator.ActiveCfg = Debug|iPhoneSimulator
		{9EA918AE-1177-42E6-921A-6C072B0413E8}.Debug|iPhoneSimulator.Build.0 = Debug|iPhoneSimulator
		{9EA918AE-1177-42E6-921A-6C072B0413E8}.Debug|iPhoneSimulator.Deploy.0 = Debug|iPhoneSimulator
		{9EA918AE-1177-42E6-921A-6C072B0413E8}.Release|Any CPU.ActiveCfg = Release|iPhone
		{9EA918AE-1177-42E6-921A-6C072B0413E8}.Release|Any CPU.Build.0 = Release|iPhone
		{9EA918AE-1177-42E6-921A-6C072B0413E8}.Release|Any CPU.Deploy.0 = Release|iPhone
		{9EA918AE-1177-42E6-921A-6C072B0413E8}.Release|iPhone.ActiveCfg = Release|iPhone
		{9EA918AE-1177-42E6-921A-6C072B0413E8}.Release|iPhone.Build.0 = Release|iPhone
		{9EA918AE-1177-42E6-921A-6C072B0413E8}.Release|iPhone.Deploy.0 = Release|iPhone
		{9EA918AE-1177-42E6-921A-6C072B0413E8}.Release|iPhoneSimulator.ActiveCfg = Release|iPhoneSimulator
		{9EA918AE-1177-42E6-921A-6C072B0413E8}.Release|iPhoneSimulator.Build.0 = Release|iPhoneSimulator
		{9EA918AE-1177-42E6-921A-6C072B0413E8}.Release|iPhoneSimulator.Deploy.0 = Release|iPhoneSimulator
		{4F2C68B9-B0A8-4018-B3D2-4AC4E0C7AAD6}.Ad-Hoc|Any CPU.ActiveCfg = Debug|Any CPU
		{4F2C68B9-B0A8-4018-B3D2-4AC4E0C7AAD6}.Ad-Hoc|Any CPU.Build.0 = Debug|Any CPU
		{4F2C68B9-B0A8-4018-B3D2-4AC4E0C7AAD6}.Ad-Hoc|Any CPU.Deploy.0 = Debug|Any CPU
		{4F2C68B9-B0A8-4018-B3D2-4AC4E0C7AAD6}.Ad-Hoc|iPhone.ActiveCfg = Debug|Any CPU
		{4F2C68B9-B0A8-4018-B3D2-4AC4E0C7AAD6}.Ad-Hoc|iPhone.Build.0 = Debug|Any CPU
		{4F2C68B9-B0A8-4018-B3D2-4AC4E0C7AAD6}.Ad-Hoc|iPhone.Deploy.0 = Debug|Any CPU
		{4F2C68B9-B0A8-4018-B3D2-4AC4E0C7AAD6}.Ad-Hoc|iPhoneSimulator.ActiveCfg = Debug|Any CPU
		{4F2C68B9-B0A8-4018-B3D2-4AC4E0C7AAD6}.Ad-Hoc|iPhoneSimulator.Build.0 = Debug|Any CPU
		{4F2C68B9-B0A8-4018-B3D2-4AC4E0C7AAD6}.Ad-Hoc|iPhoneSimulator.Deploy.0 = Debug|Any CPU
		{4F2C68B9-B0A8-4018-B3D2-4AC4E0C7AAD6}.AppStore|Any CPU.ActiveCfg = Debug|Any CPU
		{4F2C68B9-B0A8-4018-B3D2-4AC4E0C7AAD6}.AppStore|Any CPU.Build.0 = Debug|Any CPU
		{4F2C68B9-B0A8-4018-B3D2-4AC4E0C7AAD6}.AppStore|Any CPU.Deploy.0 = Debug|Any CPU
		{4F2C68B9-B0A8-4018-B3D2-4AC4E0C7AAD6}.AppStore|iPhone.ActiveCfg = Debug|Any CPU
		{4F2C68B9-B0A8-4018-B3D2-4AC4E0C7AAD6}.AppStore|iPhone.Build.0 = Debug|Any CPU
		{4F2C68B9-B0A8-4018-B3D2-4AC4E0C7AAD6}.AppStore|iPhone.Deploy.0 = Debug|Any CPU
		{4F2C68B9-B0A8-4018-B3D2-4AC4E0C7AAD6}.AppStore|iPhoneSimulator.ActiveCfg = Debug|Any CPU
		{4F2C68B9-B0A8-4018-B3D2-4AC4E0C7AAD6}.AppStore|iPhoneSimulator.Build.0 = Debug|Any CPU
		{4F2C68B9-B0A8-4018-B3D2-4AC4E0C7AAD6}.AppStore|iPhoneSimulator.Deploy.0 = Debug|Any CPU
		{4F2C68B9-B0A8-4018-B3D2-4AC4E0C7AAD6}.Debug|Any CPU.ActiveCfg = Debug|Any CPU
		{4F2C68B9-B0A8-4018-B3D2-4AC4E0C7AAD6}.Debug|Any CPU.Build.0 = Debug|Any CPU
		{4F2C68B9-B0A8-4018-B3D2-4AC4E0C7AAD6}.Debug|Any CPU.Deploy.0 = Debug|Any CPU
		{4F2C68B9-B0A8-4018-B3D2-4AC4E0C7AAD6}.Debug|iPhone.ActiveCfg = Debug|Any CPU
		{4F2C68B9-B0A8-4018-B3D2-4AC4E0C7AAD6}.Debug|iPhone.Build.0 = Debug|Any CPU
		{4F2C68B9-B0A8-4018-B3D2-4AC4E0C7AAD6}.Debug|iPhone.Deploy.0 = Debug|Any CPU
		{4F2C68B9-B0A8-4018-B3D2-4AC4E0C7AAD6}.Debug|iPhoneSimulator.ActiveCfg = Debug|Any CPU
		{4F2C68B9-B0A8-4018-B3D2-4AC4E0C7AAD6}.Debug|iPhoneSimulator.Build.0 = Debug|Any CPU
		{4F2C68B9-B0A8-4018-B3D2-4AC4E0C7AAD6}.Debug|iPhoneSimulator.Deploy.0 = Debug|Any CPU
		{4F2C68B9-B0A8-4018-B3D2-4AC4E0C7AAD6}.Release|Any CPU.ActiveCfg = Release|Any CPU
		{4F2C68B9-B0A8-4018-B3D2-4AC4E0C7AAD6}.Release|Any CPU.Build.0 = Release|Any CPU
		{4F2C68B9-B0A8-4018-B3D2-4AC4E0C7AAD6}.Release|Any CPU.Deploy.0 = Release|Any CPU
		{4F2C68B9-B0A8-4018-B3D2-4AC4E0C7AAD6}.Release|iPhone.ActiveCfg = Release|Any CPU
		{4F2C68B9-B0A8-4018-B3D2-4AC4E0C7AAD6}.Release|iPhone.Build.0 = Release|Any CPU
		{4F2C68B9-B0A8-4018-B3D2-4AC4E0C7AAD6}.Release|iPhone.Deploy.0 = Release|Any CPU
		{4F2C68B9-B0A8-4018-B3D2-4AC4E0C7AAD6}.Release|iPhoneSimulator.ActiveCfg = Release|Any CPU
		{4F2C68B9-B0A8-4018-B3D2-4AC4E0C7AAD6}.Release|iPhoneSimulator.Build.0 = Release|Any CPU
		{4F2C68B9-B0A8-4018-B3D2-4AC4E0C7AAD6}.Release|iPhoneSimulator.Deploy.0 = Release|Any CPU
	EndGlobalSection
	GlobalSection(SolutionProperties) = preSolution
		HideSolutionNode = FALSE
	EndGlobalSection
	GlobalSection(ExtensibilityGlobals) = postSolution
		SolutionGuid = {1ABC9E52-03F4-4DC6-B61F-138D2C407779}
	EndGlobalSection
EndGlobal
